{
  "name": "verovio-out-of-memory",
  "version": "1.0.0",
  "lockfileVersion": 2,
  "requires": true,
  "packages": {
    "": {
      "name": "verovio-out-of-memory",
      "version": "1.0.0",
      "license": "ISC",
      "dependencies": {
        "verovio": "^3.13.1-1"
      }
    },
    "node_modules/verovio": {
      "version": "3.13.1-1",
      "resolved": "https://registry.npmjs.org/verovio/-/verovio-3.13.1-1.tgz",
      "integrity": "sha512-uuurQyUVmHNQRNm7TOLGQnfHSuRcrYq1EAHDnTtScXrp100H8XAJeNN/r7EWgdtPMS4BiZ269aXeLqEunkYSAA==",
      "engines": {
        "node": ">= 14.17.0"
      }
    }
  },
  "dependencies": {
    "verovio": {
      "version": "3.13.1-1",
      "resolved": "https://registry.npmjs.org/verovio/-/verovio-3.13.1-1.tgz",
      "integrity": "sha512-uuurQyUVmHNQRNm7TOLGQnfHSuRcrYq1EAHDnTtScXrp100H8XAJeNN/r7EWgdtPMS4BiZ269aXeLqEunkYSAA=="
    }
  }
}
